
Microsoft Visual Studio Solution File, Format Version 12.00
# Visual Studio Version 16
VisualStudioVersion = 16.0.30907.101
MinimumVisualStudioVersion = 10.0.40219.1
Project("{9A19103F-16F7-4668-BE54-9A1E7A4F7556}") = "GameShop", "GameShop\GameShop.csproj", "{0EE20ABC-4F1A-4485-865B-B63A51E158A3}"
EndProject
Global
	GlobalSection(SolutionConfigurationPlatforms) = preSolution
		Debug|Any CPU = Debug|Any CPU
		Release|Any CPU = Release|Any CPU
	EndGlobalSection
	GlobalSection(ProjectConfigurationPlatforms) = postSolution
		{0EE20ABC-4F1A-4485-865B-B63A51E158A3}.Debug|Any CPU.ActiveCfg = Debug|Any CPU
		{0EE20ABC-4F1A-4485-865B-B63A51E158A3}.Debug|Any CPU.Build.0 = Debug|Any CPU
		{0EE20ABC-4F1A-4485-865B-B63A51E158A3}.Release|Any CPU.ActiveCfg = Release|Any CPU
		{0EE20ABC-4F1A-4485-865B-B63A51E158A3}.Release|Any CPU.Build.0 = Release|Any CPU
	EndGlobalSection
	GlobalSection(SolutionProperties) = preSolution
		HideSolutionNode = FALSE
	EndGlobalSection
	GlobalSection(ExtensibilityGlobals) = postSolution
		SolutionGuid = {6FD24765-76EB-435D-9391-3ED0230CE742}
	EndGlobalSection
EndGlobal
